// !$*UTF8*$!
{
	archiveVersion = 1;
	classes = {
	};
	objectVersion = 56;
	objects = {

/* Begin PBXBuildFile section */
		85CFC9162AEAD74200977AC3 /* Fibonacci.swift in Sources */ = {isa = PBXBuildFile; fileRef = 85CFC9152AEAD74200977AC3 /* Fibonacci.swift */; };
		85F5B51D2AEA9BEB007779B7 /* TCAshkaApp.swift in Sources */ = {isa = PBXBuildFile; fileRef = 85F5B51C2AEA9BEB007779B7 /* TCAshkaApp.swift */; };
		85F5B51F2AEA9BEB007779B7 /* CounterView.swift in Sources */ = {isa = PBXBuildFile; fileRef = 85F5B51E2AEA9BEB007779B7 /* CounterView.swift */; };
		85F5B5212AEA9BEC007779B7 /* Assets.xcassets in Resources */ = {isa = PBXBuildFile; fileRef = 85F5B5202AEA9BEC007779B7 /* Assets.xcassets */; };
		85F5B5242AEA9BEC007779B7 /* Preview Assets.xcassets in Resources */ = {isa = PBXBuildFile; fileRef = 85F5B5232AEA9BEC007779B7 /* Preview Assets.xcassets */; };
		85F5B5342AEA9F3D007779B7 /* CounterReduce.swift in Sources */ = {isa = PBXBuildFile; fileRef = 85F5B5332AEA9F3D007779B7 /* CounterReduce.swift */; };
		85F5B53B2AEAACAD007779B7 /* Dependencies in Frameworks */ = {isa = PBXBuildFile; productRef = 85F5B53A2AEAACAD007779B7 /* Dependencies */; };
		85F5B53D2AEAACAD007779B7 /* TCA in Frameworks */ = {isa = PBXBuildFile; productRef = 85F5B53C2AEAACAD007779B7 /* TCA */; };
		85F5B53F2AEAAD4E007779B7 /* CounterAction.swift in Sources */ = {isa = PBXBuildFile; fileRef = 85F5B53E2AEAAD4E007779B7 /* CounterAction.swift */; };
		85F5B5412AEAAD57007779B7 /* CounterState.swift in Sources */ = {isa = PBXBuildFile; fileRef = 85F5B5402AEAAD57007779B7 /* CounterState.swift */; };
/* End PBXBuildFile section */

/* Begin PBXFileReference section */
		85CFC9152AEAD74200977AC3 /* Fibonacci.swift */ = {isa = PBXFileReference; lastKnownFileType = sourcecode.swift; path = Fibonacci.swift; sourceTree = "<group>"; };
		85F5B5192AEA9BEB007779B7 /* TCAshka.app */ = {isa = PBXFileReference; explicitFileType = wrapper.application; includeInIndex = 0; path = TCAshka.app; sourceTree = BUILT_PRODUCTS_DIR; };
		85F5B51C2AEA9BEB007779B7 /* TCAshkaApp.swift */ = {isa = PBXFileReference; lastKnownFileType = sourcecode.swift; path = TCAshkaApp.swift; sourceTree = "<group>"; };
		85F5B51E2AEA9BEB007779B7 /* CounterView.swift */ = {isa = PBXFileReference; lastKnownFileType = sourcecode.swift; path = CounterView.swift; sourceTree = "<group>"; };
		85F5B5202AEA9BEC007779B7 /* Assets.xcassets */ = {isa = PBXFileReference; lastKnownFileType = folder.assetcatalog; path = Assets.xcassets; sourceTree = "<group>"; };
		85F5B5232AEA9BEC007779B7 /* Preview Assets.xcassets */ = {isa = PBXFileReference; lastKnownFileType = folder.assetcatalog; path = "Preview Assets.xcassets"; sourceTree = "<group>"; };
		85F5B5332AEA9F3D007779B7 /* CounterReduce.swift */ = {isa = PBXFileReference; lastKnownFileType = sourcecode.swift; path = CounterReduce.swift; sourceTree = "<group>"; };
		85F5B53E2AEAAD4E007779B7 /* CounterAction.swift */ = {isa = PBXFileReference; lastKnownFileType = sourcecode.swift; path = CounterAction.swift; sourceTree = "<group>"; };
		85F5B5402AEAAD57007779B7 /* CounterState.swift */ = {isa = PBXFileReference; lastKnownFileType = sourcecode.swift; path = CounterState.swift; sourceTree = "<group>"; };
/* End PBXFileReference section */

/* Begin PBXFrameworksBuildPhase section */
		85F5B5162AEA9BEB007779B7 /* Frameworks */ = {
			isa = PBXFrameworksBuildPhase;
			buildActionMask = 2147483647;
			files = (
				85F5B53B2AEAACAD007779B7 /* Dependencies in Frameworks */,
				85F5B53D2AEAACAD007779B7 /* TCA in Frameworks */,
			);
			runOnlyForDeploymentPostprocessing = 0;
		};
/* End PBXFrameworksBuildPhase section */

/* Begin PBXGroup section */
		85CFC9172AEAEA2C00977AC3 /* Extensions */ = {
			isa = PBXGroup;
			children = (
			);
			path = Extensions;
			sourceTree = "<group>";
		};
		85F5B5102AEA9BEB007779B7 = {
			isa = PBXGroup;
			children = (
				85F5B51B2AEA9BEB007779B7 /* TCAshka */,
				85F5B51A2AEA9BEB007779B7 /* Products */,
			);
			sourceTree = "<group>";
		};
		85F5B51A2AEA9BEB007779B7 /* Products */ = {
			isa = PBXGroup;
			children = (
				85F5B5192AEA9BEB007779B7 /* TCAshka.app */,
			);
			name = Products;
			sourceTree = "<group>";
		};
		85F5B51B2AEA9BEB007779B7 /* TCAshka */ = {
			isa = PBXGroup;
			children = (
				85F5B52B2AEA9CC3007779B7 /* ApplicationLayer */,
				85F5B52C2AEA9CCB007779B7 /* PresentationLayer */,
				85F5B52D2AEA9CD5007779B7 /* BusinessLayer */,
				85F5B52E2AEA9CDB007779B7 /* CoreLayer */,
				85F5B52F2AEA9CDF007779B7 /* Model */,
				85F5B5202AEA9BEC007779B7 /* Assets.xcassets */,
				85F5B5222AEA9BEC007779B7 /* Preview Content */,
			);
			path = TCAshka;
			sourceTree = "<group>";
		};
		85F5B5222AEA9BEC007779B7 /* Preview Content */ = {
			isa = PBXGroup;
			children = (
				85F5B5232AEA9BEC007779B7 /* Preview Assets.xcassets */,
			);
			path = "Preview Content";
			sourceTree = "<group>";
		};
		85F5B52B2AEA9CC3007779B7 /* ApplicationLayer */ = {
			isa = PBXGroup;
			children = (
				85F5B51C2AEA9BEB007779B7 /* TCAshkaApp.swift */,
			);
			path = ApplicationLayer;
			sourceTree = "<group>";
		};
		85F5B52C2AEA9CCB007779B7 /* PresentationLayer */ = {
			isa = PBXGroup;
			children = (
				85F5B5302AEA9CF5007779B7 /* UserStories */,
			);
			path = PresentationLayer;
			sourceTree = "<group>";
		};
		85F5B52D2AEA9CD5007779B7 /* BusinessLayer */ = {
			isa = PBXGroup;
			children = (
			);
			path = BusinessLayer;
			sourceTree = "<group>";
		};
		85F5B52E2AEA9CDB007779B7 /* CoreLayer */ = {
			isa = PBXGroup;
			children = (
				85CFC9172AEAEA2C00977AC3 /* Extensions */,
				85CFC9152AEAD74200977AC3 /* Fibonacci.swift */,
			);
			path = CoreLayer;
			sourceTree = "<group>";
		};
		85F5B52F2AEA9CDF007779B7 /* Model */ = {
			isa = PBXGroup;
			children = (
			);
			path = Model;
			sourceTree = "<group>";
		};
		85F5B5302AEA9CF5007779B7 /* UserStories */ = {
			isa = PBXGroup;
			children = (
				85F5B5312AEA9CFD007779B7 /* SequenceFibonacci */,
			);
			path = UserStories;
			sourceTree = "<group>";
		};
		85F5B5312AEA9CFD007779B7 /* SequenceFibonacci */ = {
			isa = PBXGroup;
			children = (
				85F5B5322AEA9DA0007779B7 /* Counter */,
			);
			path = SequenceFibonacci;
			sourceTree = "<group>";
		};
		85F5B5322AEA9DA0007779B7 /* Counter */ = {
			isa = PBXGroup;
			children = (
				85F5B51E2AEA9BEB007779B7 /* CounterView.swift */,
				85F5B5332AEA9F3D007779B7 /* CounterReduce.swift */,
				85F5B53E2AEAAD4E007779B7 /* CounterAction.swift */,
				85F5B5402AEAAD57007779B7 /* CounterState.swift */,
			);
			path = Counter;
			sourceTree = "<group>";
		};
/* End PBXGroup section */

/* Begin PBXNativeTarget section */
		85F5B5182AEA9BEB007779B7 /* TCAshka */ = {
			isa = PBXNativeTarget;
			buildConfigurationList = 85F5B5272AEA9BEC007779B7 /* Build configuration list for PBXNativeTarget "TCAshka" */;
			buildPhases = (
				85F5B5152AEA9BEB007779B7 /* Sources */,
				85F5B5162AEA9BEB007779B7 /* Frameworks */,
				85F5B5172AEA9BEB007779B7 /* Resources */,
			);
			buildRules = (
			);
			dependencies = (
			);
			name = TCAshka;
			packageProductDependencies = (
				85F5B53A2AEAACAD007779B7 /* Dependencies */,
				85F5B53C2AEAACAD007779B7 /* TCA */,
			);
			productName = TCAshka;
			productReference = 85F5B5192AEA9BEB007779B7 /* TCAshka.app */;
			productType = "com.apple.product-type.application";
		};
/* End PBXNativeTarget section */

/* Begin PBXProject section */
		85F5B5112AEA9BEB007779B7 /* Project object */ = {
			isa = PBXProject;
			attributes = {
				BuildIndependentTargetsInParallel = 1;
				LastSwiftUpdateCheck = 1500;
				LastUpgradeCheck = 1500;
				TargetAttributes = {
					85F5B5182AEA9BEB007779B7 = {
						CreatedOnToolsVersion = 15.0;
					};
				};
			};
			buildConfigurationList = 85F5B5142AEA9BEB007779B7 /* Build configuration list for PBXProject "TCAshka" */;
			compatibilityVersion = "Xcode 14.0";
			developmentRegion = en;
			hasScannedForEncodings = 0;
			knownRegions = (
				en,
				Base,
			);
			mainGroup = 85F5B5102AEA9BEB007779B7;
			packageReferences = (
				85F5B5392AEAACAD007779B7 /* XCRemoteSwiftPackageReference "TCA" */,
			);
			productRefGroup = 85F5B51A2AEA9BEB007779B7 /* Products */;
			projectDirPath = "";
			projectRoot = "";
			targets = (
				85F5B5182AEA9BEB007779B7 /* TCAshka */,
			);
		};
/* End PBXProject section */

/* Begin PBXResourcesBuildPhase section */
		85F5B5172AEA9BEB007779B7 /* Resources */ = {
			isa = PBXResourcesBuildPhase;
			buildActionMask = 2147483647;
			files = (
				85F5B5242AEA9BEC007779B7 /* Preview Assets.xcassets in Resources */,
				85F5B5212AEA9BEC007779B7 /* Assets.xcassets in Resources */,
			);
			runOnlyForDeploymentPostprocessing = 0;
		};
/* End PBXResourcesBuildPhase section */

/* Begin PBXSourcesBuildPhase section */
		85F5B5152AEA9BEB007779B7 /* Sources */ = {
			isa = PBXSourcesBuildPhase;
			buildActionMask = 2147483647;
			files = (
				85F5B53F2AEAAD4E007779B7 /* CounterAction.swift in Sources */,
				85F5B5412AEAAD57007779B7 /* CounterState.swift in Sources */,
				85CFC9162AEAD74200977AC3 /* Fibonacci.swift in Sources */,
				85F5B51F2AEA9BEB007779B7 /* CounterView.swift in Sources */,
				85F5B51D2AEA9BEB007779B7 /* TCAshkaApp.swift in Sources */,
				85F5B5342AEA9F3D007779B7 /* CounterReduce.swift in Sources */,
			);
			runOnlyForDeploymentPostprocessing = 0;
		};
/* End PBXSourcesBuildPhase section */

/* Begin XCBuildConfiguration section */
		85F5B5252AEA9BEC007779B7 /* Debug */ = {
			isa = XCBuildConfiguration;
			buildSettings = {
				ALWAYS_SEARCH_USER_PATHS = NO;
				ASSETCATALOG_COMPILER_GENERATE_SWIFT_ASSET_SYMBOL_EXTENSIONS = YES;
				CLANG_ANALYZER_NONNULL = YES;
				CLANG_ANALYZER_NUMBER_OBJECT_CONVERSION = YES_AGGRESSIVE;
				CLANG_CXX_LANGUAGE_STANDARD = "gnu++20";
				CLANG_ENABLE_MODULES = YES;
				CLANG_ENABLE_OBJC_ARC = YES;
				CLANG_ENABLE_OBJC_WEAK = YES;
				CLANG_WARN_BLOCK_CAPTURE_AUTORELEASING = YES;
				CLANG_WARN_BOOL_CONVERSION = YES;
				CLANG_WARN_COMMA = YES;
				CLANG_WARN_CONSTANT_CONVERSION = YES;
				CLANG_WARN_DEPRECATED_OBJC_IMPLEMENTATIONS = YES;
				CLANG_WARN_DIRECT_OBJC_ISA_USAGE = YES_ERROR;
				CLANG_WARN_DOCUMENTATION_COMMENTS = YES;
				CLANG_WARN_EMPTY_BODY = YES;
				CLANG_WARN_ENUM_CONVERSION = YES;
				CLANG_WARN_INFINITE_RECURSION = YES;
				CLANG_WARN_INT_CONVERSION = YES;
				CLANG_WARN_NON_LITERAL_NULL_CONVERSION = YES;
				CLANG_WARN_OBJC_IMPLICIT_RETAIN_SELF = YES;
				CLANG_WARN_OBJC_LITERAL_CONVERSION = YES;
				CLANG_WARN_OBJC_ROOT_CLASS = YES_ERROR;
				CLANG_WARN_QUOTED_INCLUDE_IN_FRAMEWORK_HEADER = YES;
				CLANG_WARN_RANGE_LOOP_ANALYSIS = YES;
				CLANG_WARN_STRICT_PROTOTYPES = YES;
				CLANG_WARN_SUSPICIOUS_MOVE = YES;
				CLANG_WARN_UNGUARDED_AVAILABILITY = YES_AGGRESSIVE;
				CLANG_WARN_UNREACHABLE_CODE = YES;
				CLANG_WARN__DUPLICATE_METHOD_MATCH = YES;
				COPY_PHASE_STRIP = NO;
				DEBUG_INFORMATION_FORMAT = dwarf;
				ENABLE_STRICT_OBJC_MSGSEND = YES;
				ENABLE_TESTABILITY = YES;
				ENABLE_USER_SCRIPT_SANDBOXING = YES;
				GCC_C_LANGUAGE_STANDARD = gnu17;
				GCC_DYNAMIC_NO_PIC = NO;
				GCC_NO_COMMON_BLOCKS = YES;
				GCC_OPTIMIZATION_LEVEL = 0;
				GCC_PREPROCESSOR_DEFINITIONS = (
					"DEBUG=1",
					"$(inherited)",
				);
				GCC_WARN_64_TO_32_BIT_CONVERSION = YES;
				GCC_WARN_ABOUT_RETURN_TYPE = YES_ERROR;
				GCC_WARN_UNDECLARED_SELECTOR = YES;
				GCC_WARN_UNINITIALIZED_AUTOS = YES_AGGRESSIVE;
				GCC_WARN_UNUSED_FUNCTION = YES;
				GCC_WARN_UNUSED_VARIABLE = YES;
				IPHONEOS_DEPLOYMENT_TARGET = 17.0;
				LOCALIZATION_PREFERS_STRING_CATALOGS = YES;
				MTL_ENABLE_DEBUG_INFO = INCLUDE_SOURCE;
				MTL_FAST_MATH = YES;
				ONLY_ACTIVE_ARCH = YES;
				SDKROOT = iphoneos;
				SWIFT_ACTIVE_COMPILATION_CONDITIONS = "DEBUG $(inherited)";
				SWIFT_OPTIMIZATION_LEVEL = "-Onone";
			};
			name = Debug;
		};
		85F5B5262AEA9BEC007779B7 /* Release */ = {
			isa = XCBuildConfiguration;
			buildSettings = {
				ALWAYS_SEARCH_USER_PATHS = NO;
				ASSETCATALOG_COMPILER_GENERATE_SWIFT_ASSET_SYMBOL_EXTENSIONS = YES;
				CLANG_ANALYZER_NONNULL = YES;
				CLANG_ANALYZER_NUMBER_OBJECT_CONVERSION = YES_AGGRESSIVE;
				CLANG_CXX_LANGUAGE_STANDARD = "gnu++20";
				CLANG_ENABLE_MODULES = YES;
				CLANG_ENABLE_OBJC_ARC = YES;
				CLANG_ENABLE_OBJC_WEAK = YES;
				CLANG_WARN_BLOCK_CAPTURE_AUTORELEASING = YES;
				CLANG_WARN_BOOL_CONVERSION = YES;
				CLANG_WARN_COMMA = YES;
				CLANG_WARN_CONSTANT_CONVERSION = YES;
				CLANG_WARN_DEPRECATED_OBJC_IMPLEMENTATIONS = YES;
				CLANG_WARN_DIRECT_OBJC_ISA_USAGE = YES_ERROR;
				CLANG_WARN_DOCUMENTATION_COMMENTS = YES;
				CLANG_WARN_EMPTY_BODY = YES;
				CLANG_WARN_ENUM_CONVERSION = YES;
				CLANG_WARN_INFINITE_RECURSION = YES;
				CLANG_WARN_INT_CONVERSION = YES;
				CLANG_WARN_NON_LITERAL_NULL_CONVERSION = YES;
				CLANG_WARN_OBJC_IMPLICIT_RETAIN_SELF = YES;
				CLANG_WARN_OBJC_LITERAL_CONVERSION = YES;
				CLANG_WARN_OBJC_ROOT_CLASS = YES_ERROR;
				CLANG_WARN_QUOTED_INCLUDE_IN_FRAMEWORK_HEADER = YES;
				CLANG_WARN_RANGE_LOOP_ANALYSIS = YES;
				CLANG_WARN_STRICT_PROTOTYPES = YES;
				CLANG_WARN_SUSPICIOUS_MOVE = YES;
				CLANG_WARN_UNGUARDED_AVAILABILITY = YES_AGGRESSIVE;
				CLANG_WARN_UNREACHABLE_CODE = YES;
				CLANG_WARN__DUPLICATE_METHOD_MATCH = YES;
				COPY_PHASE_STRIP = NO;
				DEBUG_INFORMATION_FORMAT = "dwarf-with-dsym";
				ENABLE_NS_ASSERTIONS = NO;
				ENABLE_STRICT_OBJC_MSGSEND = YES;
				ENABLE_USER_SCRIPT_SANDBOXING = YES;
				GCC_C_LANGUAGE_STANDARD = gnu17;
				GCC_NO_COMMON_BLOCKS = YES;
				GCC_WARN_64_TO_32_BIT_CONVERSION = YES;
				GCC_WARN_ABOUT_RETURN_TYPE = YES_ERROR;
				GCC_WARN_UNDECLARED_SELECTOR = YES;
				GCC_WARN_UNINITIALIZED_AUTOS = YES_AGGRESSIVE;
				GCC_WARN_UNUSED_FUNCTION = YES;
				GCC_WARN_UNUSED_VARIABLE = YES;
				IPHONEOS_DEPLOYMENT_TARGET = 17.0;
				LOCALIZATION_PREFERS_STRING_CATALOGS = YES;
				MTL_ENABLE_DEBUG_INFO = NO;
				MTL_FAST_MATH = YES;
				SDKROOT = iphoneos;
				SWIFT_COMPILATION_MODE = wholemodule;
				VALIDATE_PRODUCT = YES;
			};
			name = Release;
		};
		85F5B5282AEA9BEC007779B7 /* Debug */ = {
			isa = XCBuildConfiguration;
			buildSettings = {
				ASSETCATALOG_COMPILER_APPICON_NAME = AppIcon;
				ASSETCATALOG_COMPILER_GLOBAL_ACCENT_COLOR_NAME = AccentColor;
				CODE_SIGN_STYLE = Automatic;
				CURRENT_PROJECT_VERSION = 1;
				DEVELOPMENT_ASSET_PATHS = "\"TCAshka/Preview Content\"";
				DEVELOPMENT_TEAM = 5NKMY3PVC7;
				ENABLE_PREVIEWS = YES;
				GENERATE_INFOPLIST_FILE = YES;
				INFOPLIST_KEY_UIApplicationSceneManifest_Generation = YES;
				INFOPLIST_KEY_UIApplicationSupportsIndirectInputEvents = YES;
				INFOPLIST_KEY_UILaunchScreen_Generation = YES;
				INFOPLIST_KEY_UISupportedInterfaceOrientations_iPad = "UIInterfaceOrientationPortrait UIInterfaceOrientationPortraitUpsideDown UIInterfaceOrientationLandscapeLeft UIInterfaceOrientationLandscapeRight";
				INFOPLIST_KEY_UISupportedInterfaceOrientations_iPhone = "UIInterfaceOrientationPortrait UIInterfaceOrientationLandscapeLeft UIInterfaceOrientationLandscapeRight";
				IPHONEOS_DEPLOYMENT_TARGET = 14.0;
				LD_RUNPATH_SEARCH_PATHS = (
					"$(inherited)",
					"@executable_path/Frameworks",
				);
				MARKETING_VERSION = 1.0;
				PRODUCT_BUNDLE_IDENTIFIER = nn.TCAshka;
				PRODUCT_NAME = "$(TARGET_NAME)";
				SWIFT_EMIT_LOC_STRINGS = YES;
				SWIFT_VERSION = 5.0;
				TARGETED_DEVICE_FAMILY = "1,2";
			};
			name = Debug;
		};
		85F5B5292AEA9BEC007779B7 /* Release */ = {
			isa = XCBuildConfiguration;
			buildSettings = {
				ASSETCATALOG_COMPILER_APPICON_NAME = AppIcon;
				ASSETCATALOG_COMPILER_GLOBAL_ACCENT_COLOR_NAME = AccentColor;
				CODE_SIGN_STYLE = Automatic;
				CURRENT_PROJECT_VERSION = 1;
				DEVELOPMENT_ASSET_PATHS = "\"TCAshka/Preview Content\"";
				DEVELOPMENT_TEAM = 5NKMY3PVC7;
				ENABLE_PREVIEWS = YES;
				GENERATE_INFOPLIST_FILE = YES;
				INFOPLIST_KEY_UIApplicationSceneManifest_Generation = YES;
				INFOPLIST_KEY_UIApplicationSupportsIndirectInputEvents = YES;
				INFOPLIST_KEY_UILaunchScreen_Generation = YES;
				INFOPLIST_KEY_UISupportedInterfaceOrientations_iPad = "UIInterfaceOrientationPortrait UIInterfaceOrientationPortraitUpsideDown UIInterfaceOrientationLandscapeLeft UIInterfaceOrientationLandscapeRight";
				INFOPLIST_KEY_UISupportedInterfaceOrientations_iPhone = "UIInterfaceOrientationPortrait UIInterfaceOrientationLandscapeLeft UIInterfaceOrientationLandscapeRight";
				IPHONEOS_DEPLOYMENT_TARGET = 14.0;
				LD_RUNPATH_SEARCH_PATHS = (
					"$(inherited)",
					"@executable_path/Frameworks",
				);
				MARKETING_VERSION = 1.0;
				PRODUCT_BUNDLE_IDENTIFIER = nn.TCAshka;
				PRODUCT_NAME = "$(TARGET_NAME)";
				SWIFT_EMIT_LOC_STRINGS = YES;
				SWIFT_VERSION = 5.0;
				TARGETED_DEVICE_FAMILY = "1,2";
			};
			name = Release;
		};
/* End XCBuildConfiguration section */

/* Begin XCConfigurationList section */
		85F5B5142AEA9BEB007779B7 /* Build configuration list for PBXProject "TCAshka" */ = {
			isa = XCConfigurationList;
			buildConfigurations = (
				85F5B5252AEA9BEC007779B7 /* Debug */,
				85F5B5262AEA9BEC007779B7 /* Release */,
			);
			defaultConfigurationIsVisible = 0;
			defaultConfigurationName = Release;
		};
		85F5B5272AEA9BEC007779B7 /* Build configuration list for PBXNativeTarget "TCAshka" */ = {
			isa = XCConfigurationList;
			buildConfigurations = (
				85F5B5282AEA9BEC007779B7 /* Debug */,
				85F5B5292AEA9BEC007779B7 /* Release */,
			);
			defaultConfigurationIsVisible = 0;
			defaultConfigurationName = Release;
		};
/* End XCConfigurationList section */

/* Begin XCRemoteSwiftPackageReference section */
		85F5B5392AEAACAD007779B7 /* XCRemoteSwiftPackageReference "TCA" */ = {
			isa = XCRemoteSwiftPackageReference;
			repositoryURL = "https://github.com/monession/TCA.git";
			requirement = {
				branch = master;
				kind = branch;
			};
		};
/* End XCRemoteSwiftPackageReference section */

/* Begin XCSwiftPackageProductDependency section */
		85F5B53A2AEAACAD007779B7 /* Dependencies */ = {
			isa = XCSwiftPackageProductDependency;
			package = 85F5B5392AEAACAD007779B7 /* XCRemoteSwiftPackageReference "TCA" */;
			productName = Dependencies;
		};
		85F5B53C2AEAACAD007779B7 /* TCA */ = {
			isa = XCSwiftPackageProductDependency;
			package = 85F5B5392AEAACAD007779B7 /* XCRemoteSwiftPackageReference "TCA" */;
			productName = TCA;
		};
/* End XCSwiftPackageProductDependency section */
	};
	rootObject = 85F5B5112AEA9BEB007779B7 /* Project object */;
}
