// !$*UTF8*$!
{
	archiveVersion = 1;
	classes = {
	};
	objectVersion = 56;
	objects = {

/* Begin PBXBuildFile section */
		850200572AF4258C00D3F91F /* MainView.swift in Sources */ = {isa = PBXBuildFile; fileRef = 850200562AF4258C00D3F91F /* MainView.swift */; };
		850200592AF4259400D3F91F /* MainState.swift in Sources */ = {isa = PBXBuildFile; fileRef = 850200582AF4259400D3F91F /* MainState.swift */; };
		8502005B2AF4259B00D3F91F /* MainReducer.swift in Sources */ = {isa = PBXBuildFile; fileRef = 8502005A2AF4259B00D3F91F /* MainReducer.swift */; };
		8502005D2AF425A800D3F91F /* MainAction.swift in Sources */ = {isa = PBXBuildFile; fileRef = 8502005C2AF425A800D3F91F /* MainAction.swift */; };
		851F4C062AF63E0500490922 /* InteractiveListState.swift in Sources */ = {isa = PBXBuildFile; fileRef = 851F4C052AF63E0500490922 /* InteractiveListState.swift */; };
		851F4C082AF63E0D00490922 /* InteractiveListAction.swift in Sources */ = {isa = PBXBuildFile; fileRef = 851F4C072AF63E0D00490922 /* InteractiveListAction.swift */; };
		851F4C0A2AF63E1500490922 /* InteractiveListReducer.swift in Sources */ = {isa = PBXBuildFile; fileRef = 851F4C092AF63E1500490922 /* InteractiveListReducer.swift */; };
		851F4C0C2AF63E1D00490922 /* InteractiveListView.swift in Sources */ = {isa = PBXBuildFile; fileRef = 851F4C0B2AF63E1D00490922 /* InteractiveListView.swift */; };
		851F4C0E2AF63E3900490922 /* InteractiveListItemState.swift in Sources */ = {isa = PBXBuildFile; fileRef = 851F4C0D2AF63E3900490922 /* InteractiveListItemState.swift */; };
		851F4C102AF63E4200490922 /* InteractiveListItemAction.swift in Sources */ = {isa = PBXBuildFile; fileRef = 851F4C0F2AF63E4200490922 /* InteractiveListItemAction.swift */; };
		851F4C122AF63E4700490922 /* InteractiveListItemReducer.swift in Sources */ = {isa = PBXBuildFile; fileRef = 851F4C112AF63E4700490922 /* InteractiveListItemReducer.swift */; };
		851F4C142AF63E4E00490922 /* InteractiveListItemView.swift in Sources */ = {isa = PBXBuildFile; fileRef = 851F4C132AF63E4E00490922 /* InteractiveListItemView.swift */; };
		857775972AEC3729009B8D4E /* CounterView.swift in Sources */ = {isa = PBXBuildFile; fileRef = 857775962AEC3729009B8D4E /* CounterView.swift */; };
		8577759A2AEC376B009B8D4E /* CounterReducer.swift in Sources */ = {isa = PBXBuildFile; fileRef = 857775992AEC376B009B8D4E /* CounterReducer.swift */; };
		8577759C2AEC37A5009B8D4E /* CounterAction.swift in Sources */ = {isa = PBXBuildFile; fileRef = 8577759B2AEC37A5009B8D4E /* CounterAction.swift */; };
		8577759E2AEC37AA009B8D4E /* CounterState.swift in Sources */ = {isa = PBXBuildFile; fileRef = 8577759D2AEC37AA009B8D4E /* CounterState.swift */; };
		857775A42AEC39C6009B8D4E /* DoubleCounterView.swift in Sources */ = {isa = PBXBuildFile; fileRef = 857775A32AEC39C6009B8D4E /* DoubleCounterView.swift */; };
		857775A72AEC39D4009B8D4E /* DoubleCounterReducer.swift in Sources */ = {isa = PBXBuildFile; fileRef = 857775A62AEC39D4009B8D4E /* DoubleCounterReducer.swift */; };
		857775A92AEC39DB009B8D4E /* DoubleCounterAction.swift in Sources */ = {isa = PBXBuildFile; fileRef = 857775A82AEC39DB009B8D4E /* DoubleCounterAction.swift */; };
		857775AB2AEC39E2009B8D4E /* DoubleCounterState.swift in Sources */ = {isa = PBXBuildFile; fileRef = 857775AA2AEC39E2009B8D4E /* DoubleCounterState.swift */; };
		858950F22AF171B100CCB771 /* CounterBindingState.swift in Sources */ = {isa = PBXBuildFile; fileRef = 858950F12AF171B100CCB771 /* CounterBindingState.swift */; };
		858950F42AF171BC00CCB771 /* CounterBindingAction.swift in Sources */ = {isa = PBXBuildFile; fileRef = 858950F32AF171BC00CCB771 /* CounterBindingAction.swift */; };
		858950F72AF171CB00CCB771 /* CounterBindingReducer.swift in Sources */ = {isa = PBXBuildFile; fileRef = 858950F62AF171CB00CCB771 /* CounterBindingReducer.swift */; };
		858950FB2AF1721E00CCB771 /* CounterBindingView.swift in Sources */ = {isa = PBXBuildFile; fileRef = 858950FA2AF1721E00CCB771 /* CounterBindingView.swift */; };
		859E47852AFA823B00CD39F7 /* String.swift in Sources */ = {isa = PBXBuildFile; fileRef = 859E47842AFA823B00CD39F7 /* String.swift */; };
		85F5B51D2AEA9BEB007779B7 /* TCAshkaApp.swift in Sources */ = {isa = PBXBuildFile; fileRef = 85F5B51C2AEA9BEB007779B7 /* TCAshkaApp.swift */; };
		85F5B51F2AEA9BEB007779B7 /* FibonacciCounterView.swift in Sources */ = {isa = PBXBuildFile; fileRef = 85F5B51E2AEA9BEB007779B7 /* FibonacciCounterView.swift */; };
		85F5B5212AEA9BEC007779B7 /* Assets.xcassets in Resources */ = {isa = PBXBuildFile; fileRef = 85F5B5202AEA9BEC007779B7 /* Assets.xcassets */; };
		85F5B5242AEA9BEC007779B7 /* Preview Assets.xcassets in Resources */ = {isa = PBXBuildFile; fileRef = 85F5B5232AEA9BEC007779B7 /* Preview Assets.xcassets */; };
		85F5B5342AEA9F3D007779B7 /* FibonacciCounterReducer.swift in Sources */ = {isa = PBXBuildFile; fileRef = 85F5B5332AEA9F3D007779B7 /* FibonacciCounterReducer.swift */; };
		85F5B53F2AEAAD4E007779B7 /* FibonacciCounterAction.swift in Sources */ = {isa = PBXBuildFile; fileRef = 85F5B53E2AEAAD4E007779B7 /* FibonacciCounterAction.swift */; };
		85F5B5412AEAAD57007779B7 /* FibonacciCounterState.swift in Sources */ = {isa = PBXBuildFile; fileRef = 85F5B5402AEAAD57007779B7 /* FibonacciCounterState.swift */; };
		85FEC5302AEF9B7C00829E0C /* ComposableArchitecture in Frameworks */ = {isa = PBXBuildFile; productRef = 85FEC52F2AEF9B7C00829E0C /* ComposableArchitecture */; };
/* End PBXBuildFile section */

/* Begin PBXFileReference section */
		850200562AF4258C00D3F91F /* MainView.swift */ = {isa = PBXFileReference; lastKnownFileType = sourcecode.swift; path = MainView.swift; sourceTree = "<group>"; };
		850200582AF4259400D3F91F /* MainState.swift */ = {isa = PBXFileReference; lastKnownFileType = sourcecode.swift; path = MainState.swift; sourceTree = "<group>"; };
		8502005A2AF4259B00D3F91F /* MainReducer.swift */ = {isa = PBXFileReference; lastKnownFileType = sourcecode.swift; path = MainReducer.swift; sourceTree = "<group>"; };
		8502005C2AF425A800D3F91F /* MainAction.swift */ = {isa = PBXFileReference; lastKnownFileType = sourcecode.swift; path = MainAction.swift; sourceTree = "<group>"; };
		851F4C052AF63E0500490922 /* InteractiveListState.swift */ = {isa = PBXFileReference; lastKnownFileType = sourcecode.swift; path = InteractiveListState.swift; sourceTree = "<group>"; };
		851F4C072AF63E0D00490922 /* InteractiveListAction.swift */ = {isa = PBXFileReference; lastKnownFileType = sourcecode.swift; path = InteractiveListAction.swift; sourceTree = "<group>"; };
		851F4C092AF63E1500490922 /* InteractiveListReducer.swift */ = {isa = PBXFileReference; lastKnownFileType = sourcecode.swift; path = InteractiveListReducer.swift; sourceTree = "<group>"; };
		851F4C0B2AF63E1D00490922 /* InteractiveListView.swift */ = {isa = PBXFileReference; lastKnownFileType = sourcecode.swift; path = InteractiveListView.swift; sourceTree = "<group>"; };
		851F4C0D2AF63E3900490922 /* InteractiveListItemState.swift */ = {isa = PBXFileReference; lastKnownFileType = sourcecode.swift; path = InteractiveListItemState.swift; sourceTree = "<group>"; };
		851F4C0F2AF63E4200490922 /* InteractiveListItemAction.swift */ = {isa = PBXFileReference; lastKnownFileType = sourcecode.swift; path = InteractiveListItemAction.swift; sourceTree = "<group>"; };
		851F4C112AF63E4700490922 /* InteractiveListItemReducer.swift */ = {isa = PBXFileReference; lastKnownFileType = sourcecode.swift; path = InteractiveListItemReducer.swift; sourceTree = "<group>"; };
		851F4C132AF63E4E00490922 /* InteractiveListItemView.swift */ = {isa = PBXFileReference; lastKnownFileType = sourcecode.swift; path = InteractiveListItemView.swift; sourceTree = "<group>"; };
		857775962AEC3729009B8D4E /* CounterView.swift */ = {isa = PBXFileReference; lastKnownFileType = sourcecode.swift; path = CounterView.swift; sourceTree = "<group>"; };
		857775992AEC376B009B8D4E /* CounterReducer.swift */ = {isa = PBXFileReference; lastKnownFileType = sourcecode.swift; path = CounterReducer.swift; sourceTree = "<group>"; };
		8577759B2AEC37A5009B8D4E /* CounterAction.swift */ = {isa = PBXFileReference; lastKnownFileType = sourcecode.swift; path = CounterAction.swift; sourceTree = "<group>"; };
		8577759D2AEC37AA009B8D4E /* CounterState.swift */ = {isa = PBXFileReference; lastKnownFileType = sourcecode.swift; path = CounterState.swift; sourceTree = "<group>"; };
		857775A32AEC39C6009B8D4E /* DoubleCounterView.swift */ = {isa = PBXFileReference; lastKnownFileType = sourcecode.swift; path = DoubleCounterView.swift; sourceTree = "<group>"; };
		857775A62AEC39D4009B8D4E /* DoubleCounterReducer.swift */ = {isa = PBXFileReference; lastKnownFileType = sourcecode.swift; path = DoubleCounterReducer.swift; sourceTree = "<group>"; };
		857775A82AEC39DB009B8D4E /* DoubleCounterAction.swift */ = {isa = PBXFileReference; lastKnownFileType = sourcecode.swift; path = DoubleCounterAction.swift; sourceTree = "<group>"; };
		857775AA2AEC39E2009B8D4E /* DoubleCounterState.swift */ = {isa = PBXFileReference; lastKnownFileType = sourcecode.swift; path = DoubleCounterState.swift; sourceTree = "<group>"; };
		858950F12AF171B100CCB771 /* CounterBindingState.swift */ = {isa = PBXFileReference; lastKnownFileType = sourcecode.swift; path = CounterBindingState.swift; sourceTree = "<group>"; };
		858950F32AF171BC00CCB771 /* CounterBindingAction.swift */ = {isa = PBXFileReference; lastKnownFileType = sourcecode.swift; path = CounterBindingAction.swift; sourceTree = "<group>"; };
		858950F62AF171CB00CCB771 /* CounterBindingReducer.swift */ = {isa = PBXFileReference; lastKnownFileType = sourcecode.swift; path = CounterBindingReducer.swift; sourceTree = "<group>"; };
		858950FA2AF1721E00CCB771 /* CounterBindingView.swift */ = {isa = PBXFileReference; lastKnownFileType = sourcecode.swift; path = CounterBindingView.swift; sourceTree = "<group>"; };
		859E47842AFA823B00CD39F7 /* String.swift */ = {isa = PBXFileReference; lastKnownFileType = sourcecode.swift; path = String.swift; sourceTree = "<group>"; };
		85F5B5192AEA9BEB007779B7 /* TCAshka.app */ = {isa = PBXFileReference; explicitFileType = wrapper.application; includeInIndex = 0; path = TCAshka.app; sourceTree = BUILT_PRODUCTS_DIR; };
		85F5B51C2AEA9BEB007779B7 /* TCAshkaApp.swift */ = {isa = PBXFileReference; lastKnownFileType = sourcecode.swift; path = TCAshkaApp.swift; sourceTree = "<group>"; };
		85F5B51E2AEA9BEB007779B7 /* FibonacciCounterView.swift */ = {isa = PBXFileReference; lastKnownFileType = sourcecode.swift; path = FibonacciCounterView.swift; sourceTree = "<group>"; };
		85F5B5202AEA9BEC007779B7 /* Assets.xcassets */ = {isa = PBXFileReference; lastKnownFileType = folder.assetcatalog; path = Assets.xcassets; sourceTree = "<group>"; };
		85F5B5232AEA9BEC007779B7 /* Preview Assets.xcassets */ = {isa = PBXFileReference; lastKnownFileType = folder.assetcatalog; path = "Preview Assets.xcassets"; sourceTree = "<group>"; };
		85F5B5332AEA9F3D007779B7 /* FibonacciCounterReducer.swift */ = {isa = PBXFileReference; lastKnownFileType = sourcecode.swift; path = FibonacciCounterReducer.swift; sourceTree = "<group>"; };
		85F5B53E2AEAAD4E007779B7 /* FibonacciCounterAction.swift */ = {isa = PBXFileReference; lastKnownFileType = sourcecode.swift; path = FibonacciCounterAction.swift; sourceTree = "<group>"; };
		85F5B5402AEAAD57007779B7 /* FibonacciCounterState.swift */ = {isa = PBXFileReference; lastKnownFileType = sourcecode.swift; path = FibonacciCounterState.swift; sourceTree = "<group>"; };
/* End PBXFileReference section */

/* Begin PBXFrameworksBuildPhase section */
		85F5B5162AEA9BEB007779B7 /* Frameworks */ = {
			isa = PBXFrameworksBuildPhase;
			buildActionMask = 2147483647;
			files = (
				85FEC5302AEF9B7C00829E0C /* ComposableArchitecture in Frameworks */,
			);
			runOnlyForDeploymentPostprocessing = 0;
		};
/* End PBXFrameworksBuildPhase section */

/* Begin PBXGroup section */
		850200552AF4250900D3F91F /* Main */ = {
			isa = PBXGroup;
			children = (
				850200562AF4258C00D3F91F /* MainView.swift */,
				8502005A2AF4259B00D3F91F /* MainReducer.swift */,
				8502005C2AF425A800D3F91F /* MainAction.swift */,
				850200582AF4259400D3F91F /* MainState.swift */,
			);
			path = Main;
			sourceTree = "<group>";
		};
		851F4C032AF63CE700490922 /* InteractiveList */ = {
			isa = PBXGroup;
			children = (
				851F4C0B2AF63E1D00490922 /* InteractiveListView.swift */,
				851F4C092AF63E1500490922 /* InteractiveListReducer.swift */,
				851F4C072AF63E0D00490922 /* InteractiveListAction.swift */,
				851F4C052AF63E0500490922 /* InteractiveListState.swift */,
				851F4C042AF63DEA00490922 /* InteractiveListItem */,
			);
			path = InteractiveList;
			sourceTree = "<group>";
		};
		851F4C042AF63DEA00490922 /* InteractiveListItem */ = {
			isa = PBXGroup;
			children = (
				851F4C132AF63E4E00490922 /* InteractiveListItemView.swift */,
				851F4C112AF63E4700490922 /* InteractiveListItemReducer.swift */,
				851F4C0F2AF63E4200490922 /* InteractiveListItemAction.swift */,
				851F4C0D2AF63E3900490922 /* InteractiveListItemState.swift */,
			);
			path = InteractiveListItem;
			sourceTree = "<group>";
		};
		857775902AEC36A9009B8D4E /* DoubleCounter */ = {
			isa = PBXGroup;
			children = (
				857775A32AEC39C6009B8D4E /* DoubleCounterView.swift */,
				857775A62AEC39D4009B8D4E /* DoubleCounterReducer.swift */,
				857775A82AEC39DB009B8D4E /* DoubleCounterAction.swift */,
				857775AA2AEC39E2009B8D4E /* DoubleCounterState.swift */,
			);
			path = DoubleCounter;
			sourceTree = "<group>";
		};
		857775912AEC36BF009B8D4E /* Counter */ = {
			isa = PBXGroup;
			children = (
				857775962AEC3729009B8D4E /* CounterView.swift */,
				857775992AEC376B009B8D4E /* CounterReducer.swift */,
				8577759B2AEC37A5009B8D4E /* CounterAction.swift */,
				8577759D2AEC37AA009B8D4E /* CounterState.swift */,
			);
			path = Counter;
			sourceTree = "<group>";
		};
		858950F02AF1717000CCB771 /* CounterBinding */ = {
			isa = PBXGroup;
			children = (
				858950FA2AF1721E00CCB771 /* CounterBindingView.swift */,
				858950F62AF171CB00CCB771 /* CounterBindingReducer.swift */,
				858950F32AF171BC00CCB771 /* CounterBindingAction.swift */,
				858950F12AF171B100CCB771 /* CounterBindingState.swift */,
			);
			path = CounterBinding;
			sourceTree = "<group>";
		};
		859E47822AFA822C00CD39F7 /* CoreLayer */ = {
			isa = PBXGroup;
			children = (
				859E47832AFA823300CD39F7 /* Extensions */,
			);
			path = CoreLayer;
			sourceTree = "<group>";
		};
		859E47832AFA823300CD39F7 /* Extensions */ = {
			isa = PBXGroup;
			children = (
				859E47842AFA823B00CD39F7 /* String.swift */,
			);
			path = Extensions;
			sourceTree = "<group>";
		};
		85F5B5102AEA9BEB007779B7 = {
			isa = PBXGroup;
			children = (
				85F5B51B2AEA9BEB007779B7 /* TCAshka */,
				85F5B51A2AEA9BEB007779B7 /* Products */,
			);
			sourceTree = "<group>";
		};
		85F5B51A2AEA9BEB007779B7 /* Products */ = {
			isa = PBXGroup;
			children = (
				85F5B5192AEA9BEB007779B7 /* TCAshka.app */,
			);
			name = Products;
			sourceTree = "<group>";
		};
		85F5B51B2AEA9BEB007779B7 /* TCAshka */ = {
			isa = PBXGroup;
			children = (
				85F5B52B2AEA9CC3007779B7 /* ApplicationLayer */,
				85F5B52C2AEA9CCB007779B7 /* PresentationLayer */,
				859E47822AFA822C00CD39F7 /* CoreLayer */,
				85F5B5202AEA9BEC007779B7 /* Assets.xcassets */,
				85F5B5222AEA9BEC007779B7 /* Preview Content */,
			);
			path = TCAshka;
			sourceTree = "<group>";
		};
		85F5B5222AEA9BEC007779B7 /* Preview Content */ = {
			isa = PBXGroup;
			children = (
				85F5B5232AEA9BEC007779B7 /* Preview Assets.xcassets */,
			);
			path = "Preview Content";
			sourceTree = "<group>";
		};
		85F5B52B2AEA9CC3007779B7 /* ApplicationLayer */ = {
			isa = PBXGroup;
			children = (
				85F5B51C2AEA9BEB007779B7 /* TCAshkaApp.swift */,
			);
			path = ApplicationLayer;
			sourceTree = "<group>";
		};
		85F5B52C2AEA9CCB007779B7 /* PresentationLayer */ = {
			isa = PBXGroup;
			children = (
				85F5B5302AEA9CF5007779B7 /* UserStories */,
			);
			path = PresentationLayer;
			sourceTree = "<group>";
		};
		85F5B5302AEA9CF5007779B7 /* UserStories */ = {
			isa = PBXGroup;
			children = (
				850200552AF4250900D3F91F /* Main */,
				857775912AEC36BF009B8D4E /* Counter */,
				85F5B5312AEA9CFD007779B7 /* FibonacciCounter */,
				857775902AEC36A9009B8D4E /* DoubleCounter */,
				858950F02AF1717000CCB771 /* CounterBinding */,
				851F4C032AF63CE700490922 /* InteractiveList */,
			);
			path = UserStories;
			sourceTree = "<group>";
		};
		85F5B5312AEA9CFD007779B7 /* FibonacciCounter */ = {
			isa = PBXGroup;
			children = (
				85F5B51E2AEA9BEB007779B7 /* FibonacciCounterView.swift */,
				85F5B5332AEA9F3D007779B7 /* FibonacciCounterReducer.swift */,
				85F5B53E2AEAAD4E007779B7 /* FibonacciCounterAction.swift */,
				85F5B5402AEAAD57007779B7 /* FibonacciCounterState.swift */,
			);
			path = FibonacciCounter;
			sourceTree = "<group>";
		};
/* End PBXGroup section */

/* Begin PBXNativeTarget section */
		85F5B5182AEA9BEB007779B7 /* TCAshka */ = {
			isa = PBXNativeTarget;
			buildConfigurationList = 85F5B5272AEA9BEC007779B7 /* Build configuration list for PBXNativeTarget "TCAshka" */;
			buildPhases = (
				85F5B5152AEA9BEB007779B7 /* Sources */,
				85F5B5162AEA9BEB007779B7 /* Frameworks */,
				85F5B5172AEA9BEB007779B7 /* Resources */,
			);
			buildRules = (
			);
			dependencies = (
			);
			name = TCAshka;
			packageProductDependencies = (
				85FEC52F2AEF9B7C00829E0C /* ComposableArchitecture */,
			);
			productName = TCAshka;
			productReference = 85F5B5192AEA9BEB007779B7 /* TCAshka.app */;
			productType = "com.apple.product-type.application";
		};
/* End PBXNativeTarget section */

/* Begin PBXProject section */
		85F5B5112AEA9BEB007779B7 /* Project object */ = {
			isa = PBXProject;
			attributes = {
				BuildIndependentTargetsInParallel = 1;
				LastSwiftUpdateCheck = 1500;
				LastUpgradeCheck = 1500;
				TargetAttributes = {
					85F5B5182AEA9BEB007779B7 = {
						CreatedOnToolsVersion = 15.0;
					};
				};
			};
			buildConfigurationList = 85F5B5142AEA9BEB007779B7 /* Build configuration list for PBXProject "TCAshka" */;
			compatibilityVersion = "Xcode 14.0";
			developmentRegion = en;
			hasScannedForEncodings = 0;
			knownRegions = (
				en,
				Base,
			);
			mainGroup = 85F5B5102AEA9BEB007779B7;
			packageReferences = (
				85FEC52E2AEF9B7C00829E0C /* XCRemoteSwiftPackageReference "TCA" */,
			);
			productRefGroup = 85F5B51A2AEA9BEB007779B7 /* Products */;
			projectDirPath = "";
			projectRoot = "";
			targets = (
				85F5B5182AEA9BEB007779B7 /* TCAshka */,
			);
		};
/* End PBXProject section */

/* Begin PBXResourcesBuildPhase section */
		85F5B5172AEA9BEB007779B7 /* Resources */ = {
			isa = PBXResourcesBuildPhase;
			buildActionMask = 2147483647;
			files = (
				85F5B5242AEA9BEC007779B7 /* Preview Assets.xcassets in Resources */,
				85F5B5212AEA9BEC007779B7 /* Assets.xcassets in Resources */,
			);
			runOnlyForDeploymentPostprocessing = 0;
		};
/* End PBXResourcesBuildPhase section */

/* Begin PBXSourcesBuildPhase section */
		85F5B5152AEA9BEB007779B7 /* Sources */ = {
			isa = PBXSourcesBuildPhase;
			buildActionMask = 2147483647;
			files = (
				8577759E2AEC37AA009B8D4E /* CounterState.swift in Sources */,
				851F4C0E2AF63E3900490922 /* InteractiveListItemState.swift in Sources */,
				850200572AF4258C00D3F91F /* MainView.swift in Sources */,
				85F5B53F2AEAAD4E007779B7 /* FibonacciCounterAction.swift in Sources */,
				857775A72AEC39D4009B8D4E /* DoubleCounterReducer.swift in Sources */,
				851F4C062AF63E0500490922 /* InteractiveListState.swift in Sources */,
				85F5B5412AEAAD57007779B7 /* FibonacciCounterState.swift in Sources */,
				858950FB2AF1721E00CCB771 /* CounterBindingView.swift in Sources */,
				850200592AF4259400D3F91F /* MainState.swift in Sources */,
				8502005B2AF4259B00D3F91F /* MainReducer.swift in Sources */,
				851F4C082AF63E0D00490922 /* InteractiveListAction.swift in Sources */,
				851F4C102AF63E4200490922 /* InteractiveListItemAction.swift in Sources */,
				859E47852AFA823B00CD39F7 /* String.swift in Sources */,
				85F5B51F2AEA9BEB007779B7 /* FibonacciCounterView.swift in Sources */,
				851F4C0A2AF63E1500490922 /* InteractiveListReducer.swift in Sources */,
				85F5B51D2AEA9BEB007779B7 /* TCAshkaApp.swift in Sources */,
				857775AB2AEC39E2009B8D4E /* DoubleCounterState.swift in Sources */,
				851F4C122AF63E4700490922 /* InteractiveListItemReducer.swift in Sources */,
				858950F42AF171BC00CCB771 /* CounterBindingAction.swift in Sources */,
				8577759C2AEC37A5009B8D4E /* CounterAction.swift in Sources */,
				85F5B5342AEA9F3D007779B7 /* FibonacciCounterReducer.swift in Sources */,
				8502005D2AF425A800D3F91F /* MainAction.swift in Sources */,
				851F4C142AF63E4E00490922 /* InteractiveListItemView.swift in Sources */,
				8577759A2AEC376B009B8D4E /* CounterReducer.swift in Sources */,
				858950F72AF171CB00CCB771 /* CounterBindingReducer.swift in Sources */,
				851F4C0C2AF63E1D00490922 /* InteractiveListView.swift in Sources */,
				857775A92AEC39DB009B8D4E /* DoubleCounterAction.swift in Sources */,
				857775A42AEC39C6009B8D4E /* DoubleCounterView.swift in Sources */,
				858950F22AF171B100CCB771 /* CounterBindingState.swift in Sources */,
				857775972AEC3729009B8D4E /* CounterView.swift in Sources */,
			);
			runOnlyForDeploymentPostprocessing = 0;
		};
/* End PBXSourcesBuildPhase section */

/* Begin XCBuildConfiguration section */
		85F5B5252AEA9BEC007779B7 /* Debug */ = {
			isa = XCBuildConfiguration;
			buildSettings = {
				ALWAYS_SEARCH_USER_PATHS = NO;
				ASSETCATALOG_COMPILER_GENERATE_SWIFT_ASSET_SYMBOL_EXTENSIONS = YES;
				CLANG_ANALYZER_NONNULL = YES;
				CLANG_ANALYZER_NUMBER_OBJECT_CONVERSION = YES_AGGRESSIVE;
				CLANG_CXX_LANGUAGE_STANDARD = "gnu++20";
				CLANG_ENABLE_MODULES = YES;
				CLANG_ENABLE_OBJC_ARC = YES;
				CLANG_ENABLE_OBJC_WEAK = YES;
				CLANG_WARN_BLOCK_CAPTURE_AUTORELEASING = YES;
				CLANG_WARN_BOOL_CONVERSION = YES;
				CLANG_WARN_COMMA = YES;
				CLANG_WARN_CONSTANT_CONVERSION = YES;
				CLANG_WARN_DEPRECATED_OBJC_IMPLEMENTATIONS = YES;
				CLANG_WARN_DIRECT_OBJC_ISA_USAGE = YES_ERROR;
				CLANG_WARN_DOCUMENTATION_COMMENTS = YES;
				CLANG_WARN_EMPTY_BODY = YES;
				CLANG_WARN_ENUM_CONVERSION = YES;
				CLANG_WARN_INFINITE_RECURSION = YES;
				CLANG_WARN_INT_CONVERSION = YES;
				CLANG_WARN_NON_LITERAL_NULL_CONVERSION = YES;
				CLANG_WARN_OBJC_IMPLICIT_RETAIN_SELF = YES;
				CLANG_WARN_OBJC_LITERAL_CONVERSION = YES;
				CLANG_WARN_OBJC_ROOT_CLASS = YES_ERROR;
				CLANG_WARN_QUOTED_INCLUDE_IN_FRAMEWORK_HEADER = YES;
				CLANG_WARN_RANGE_LOOP_ANALYSIS = YES;
				CLANG_WARN_STRICT_PROTOTYPES = YES;
				CLANG_WARN_SUSPICIOUS_MOVE = YES;
				CLANG_WARN_UNGUARDED_AVAILABILITY = YES_AGGRESSIVE;
				CLANG_WARN_UNREACHABLE_CODE = YES;
				CLANG_WARN__DUPLICATE_METHOD_MATCH = YES;
				COPY_PHASE_STRIP = NO;
				DEBUG_INFORMATION_FORMAT = dwarf;
				ENABLE_STRICT_OBJC_MSGSEND = YES;
				ENABLE_TESTABILITY = YES;
				ENABLE_USER_SCRIPT_SANDBOXING = YES;
				GCC_C_LANGUAGE_STANDARD = gnu17;
				GCC_DYNAMIC_NO_PIC = NO;
				GCC_NO_COMMON_BLOCKS = YES;
				GCC_OPTIMIZATION_LEVEL = 0;
				GCC_PREPROCESSOR_DEFINITIONS = (
					"DEBUG=1",
					"$(inherited)",
				);
				GCC_WARN_64_TO_32_BIT_CONVERSION = YES;
				GCC_WARN_ABOUT_RETURN_TYPE = YES_ERROR;
				GCC_WARN_UNDECLARED_SELECTOR = YES;
				GCC_WARN_UNINITIALIZED_AUTOS = YES_AGGRESSIVE;
				GCC_WARN_UNUSED_FUNCTION = YES;
				GCC_WARN_UNUSED_VARIABLE = YES;
				IPHONEOS_DEPLOYMENT_TARGET = 17.0;
				LOCALIZATION_PREFERS_STRING_CATALOGS = YES;
				MTL_ENABLE_DEBUG_INFO = INCLUDE_SOURCE;
				MTL_FAST_MATH = YES;
				ONLY_ACTIVE_ARCH = YES;
				SDKROOT = iphoneos;
				SWIFT_ACTIVE_COMPILATION_CONDITIONS = "DEBUG $(inherited)";
				SWIFT_OPTIMIZATION_LEVEL = "-Onone";
			};
			name = Debug;
		};
		85F5B5262AEA9BEC007779B7 /* Release */ = {
			isa = XCBuildConfiguration;
			buildSettings = {
				ALWAYS_SEARCH_USER_PATHS = NO;
				ASSETCATALOG_COMPILER_GENERATE_SWIFT_ASSET_SYMBOL_EXTENSIONS = YES;
				CLANG_ANALYZER_NONNULL = YES;
				CLANG_ANALYZER_NUMBER_OBJECT_CONVERSION = YES_AGGRESSIVE;
				CLANG_CXX_LANGUAGE_STANDARD = "gnu++20";
				CLANG_ENABLE_MODULES = YES;
				CLANG_ENABLE_OBJC_ARC = YES;
				CLANG_ENABLE_OBJC_WEAK = YES;
				CLANG_WARN_BLOCK_CAPTURE_AUTORELEASING = YES;
				CLANG_WARN_BOOL_CONVERSION = YES;
				CLANG_WARN_COMMA = YES;
				CLANG_WARN_CONSTANT_CONVERSION = YES;
				CLANG_WARN_DEPRECATED_OBJC_IMPLEMENTATIONS = YES;
				CLANG_WARN_DIRECT_OBJC_ISA_USAGE = YES_ERROR;
				CLANG_WARN_DOCUMENTATION_COMMENTS = YES;
				CLANG_WARN_EMPTY_BODY = YES;
				CLANG_WARN_ENUM_CONVERSION = YES;
				CLANG_WARN_INFINITE_RECURSION = YES;
				CLANG_WARN_INT_CONVERSION = YES;
				CLANG_WARN_NON_LITERAL_NULL_CONVERSION = YES;
				CLANG_WARN_OBJC_IMPLICIT_RETAIN_SELF = YES;
				CLANG_WARN_OBJC_LITERAL_CONVERSION = YES;
				CLANG_WARN_OBJC_ROOT_CLASS = YES_ERROR;
				CLANG_WARN_QUOTED_INCLUDE_IN_FRAMEWORK_HEADER = YES;
				CLANG_WARN_RANGE_LOOP_ANALYSIS = YES;
				CLANG_WARN_STRICT_PROTOTYPES = YES;
				CLANG_WARN_SUSPICIOUS_MOVE = YES;
				CLANG_WARN_UNGUARDED_AVAILABILITY = YES_AGGRESSIVE;
				CLANG_WARN_UNREACHABLE_CODE = YES;
				CLANG_WARN__DUPLICATE_METHOD_MATCH = YES;
				COPY_PHASE_STRIP = NO;
				DEBUG_INFORMATION_FORMAT = "dwarf-with-dsym";
				ENABLE_NS_ASSERTIONS = NO;
				ENABLE_STRICT_OBJC_MSGSEND = YES;
				ENABLE_USER_SCRIPT_SANDBOXING = YES;
				GCC_C_LANGUAGE_STANDARD = gnu17;
				GCC_NO_COMMON_BLOCKS = YES;
				GCC_WARN_64_TO_32_BIT_CONVERSION = YES;
				GCC_WARN_ABOUT_RETURN_TYPE = YES_ERROR;
				GCC_WARN_UNDECLARED_SELECTOR = YES;
				GCC_WARN_UNINITIALIZED_AUTOS = YES_AGGRESSIVE;
				GCC_WARN_UNUSED_FUNCTION = YES;
				GCC_WARN_UNUSED_VARIABLE = YES;
				IPHONEOS_DEPLOYMENT_TARGET = 17.0;
				LOCALIZATION_PREFERS_STRING_CATALOGS = YES;
				MTL_ENABLE_DEBUG_INFO = NO;
				MTL_FAST_MATH = YES;
				SDKROOT = iphoneos;
				SWIFT_COMPILATION_MODE = wholemodule;
				VALIDATE_PRODUCT = YES;
			};
			name = Release;
		};
		85F5B5282AEA9BEC007779B7 /* Debug */ = {
			isa = XCBuildConfiguration;
			buildSettings = {
				ASSETCATALOG_COMPILER_APPICON_NAME = AppIcon;
				ASSETCATALOG_COMPILER_GLOBAL_ACCENT_COLOR_NAME = AccentColor;
				CODE_SIGN_STYLE = Automatic;
				CURRENT_PROJECT_VERSION = 1;
				DEVELOPMENT_ASSET_PATHS = "\"TCAshka/Preview Content\"";
				DEVELOPMENT_TEAM = 5NKMY3PVC7;
				ENABLE_PREVIEWS = YES;
				GENERATE_INFOPLIST_FILE = YES;
				INFOPLIST_KEY_UIApplicationSceneManifest_Generation = YES;
				INFOPLIST_KEY_UIApplicationSupportsIndirectInputEvents = YES;
				INFOPLIST_KEY_UILaunchScreen_Generation = YES;
				INFOPLIST_KEY_UISupportedInterfaceOrientations_iPad = "UIInterfaceOrientationPortrait UIInterfaceOrientationPortraitUpsideDown UIInterfaceOrientationLandscapeLeft UIInterfaceOrientationLandscapeRight";
				INFOPLIST_KEY_UISupportedInterfaceOrientations_iPhone = "UIInterfaceOrientationPortrait UIInterfaceOrientationLandscapeLeft UIInterfaceOrientationLandscapeRight";
				IPHONEOS_DEPLOYMENT_TARGET = 14.1;
				LD_RUNPATH_SEARCH_PATHS = (
					"$(inherited)",
					"@executable_path/Frameworks",
				);
				MARKETING_VERSION = 1.0;
				PRODUCT_BUNDLE_IDENTIFIER = nn.TCAshka;
				PRODUCT_NAME = "$(TARGET_NAME)";
				SWIFT_EMIT_LOC_STRINGS = YES;
				SWIFT_VERSION = 5.0;
				TARGETED_DEVICE_FAMILY = "1,2";
			};
			name = Debug;
		};
		85F5B5292AEA9BEC007779B7 /* Release */ = {
			isa = XCBuildConfiguration;
			buildSettings = {
				ASSETCATALOG_COMPILER_APPICON_NAME = AppIcon;
				ASSETCATALOG_COMPILER_GLOBAL_ACCENT_COLOR_NAME = AccentColor;
				CODE_SIGN_STYLE = Automatic;
				CURRENT_PROJECT_VERSION = 1;
				DEVELOPMENT_ASSET_PATHS = "\"TCAshka/Preview Content\"";
				DEVELOPMENT_TEAM = 5NKMY3PVC7;
				ENABLE_PREVIEWS = YES;
				GENERATE_INFOPLIST_FILE = YES;
				INFOPLIST_KEY_UIApplicationSceneManifest_Generation = YES;
				INFOPLIST_KEY_UIApplicationSupportsIndirectInputEvents = YES;
				INFOPLIST_KEY_UILaunchScreen_Generation = YES;
				INFOPLIST_KEY_UISupportedInterfaceOrientations_iPad = "UIInterfaceOrientationPortrait UIInterfaceOrientationPortraitUpsideDown UIInterfaceOrientationLandscapeLeft UIInterfaceOrientationLandscapeRight";
				INFOPLIST_KEY_UISupportedInterfaceOrientations_iPhone = "UIInterfaceOrientationPortrait UIInterfaceOrientationLandscapeLeft UIInterfaceOrientationLandscapeRight";
				IPHONEOS_DEPLOYMENT_TARGET = 14.1;
				LD_RUNPATH_SEARCH_PATHS = (
					"$(inherited)",
					"@executable_path/Frameworks",
				);
				MARKETING_VERSION = 1.0;
				PRODUCT_BUNDLE_IDENTIFIER = nn.TCAshka;
				PRODUCT_NAME = "$(TARGET_NAME)";
				SWIFT_EMIT_LOC_STRINGS = YES;
				SWIFT_VERSION = 5.0;
				TARGETED_DEVICE_FAMILY = "1,2";
			};
			name = Release;
		};
/* End XCBuildConfiguration section */

/* Begin XCConfigurationList section */
		85F5B5142AEA9BEB007779B7 /* Build configuration list for PBXProject "TCAshka" */ = {
			isa = XCConfigurationList;
			buildConfigurations = (
				85F5B5252AEA9BEC007779B7 /* Debug */,
				85F5B5262AEA9BEC007779B7 /* Release */,
			);
			defaultConfigurationIsVisible = 0;
			defaultConfigurationName = Release;
		};
		85F5B5272AEA9BEC007779B7 /* Build configuration list for PBXNativeTarget "TCAshka" */ = {
			isa = XCConfigurationList;
			buildConfigurations = (
				85F5B5282AEA9BEC007779B7 /* Debug */,
				85F5B5292AEA9BEC007779B7 /* Release */,
			);
			defaultConfigurationIsVisible = 0;
			defaultConfigurationName = Release;
		};
/* End XCConfigurationList section */

/* Begin XCRemoteSwiftPackageReference section */
		85FEC52E2AEF9B7C00829E0C /* XCRemoteSwiftPackageReference "TCA" */ = {
			isa = XCRemoteSwiftPackageReference;
			repositoryURL = "https://github.com/Incetro/TCA.git";
			requirement = {
				branch = main;
				kind = branch;
			};
		};
/* End XCRemoteSwiftPackageReference section */

/* Begin XCSwiftPackageProductDependency section */
		85FEC52F2AEF9B7C00829E0C /* ComposableArchitecture */ = {
			isa = XCSwiftPackageProductDependency;
			package = 85FEC52E2AEF9B7C00829E0C /* XCRemoteSwiftPackageReference "TCA" */;
			productName = ComposableArchitecture;
		};
/* End XCSwiftPackageProductDependency section */
	};
	rootObject = 85F5B5112AEA9BEB007779B7 /* Project object */;
}
